
Microsoft Visual Studio Solution File, Format Version 12.00
# Visual Studio 15
Project("{FAE04EC0-301F-11D3-BF4B-00C04F79EFBC}") = "DotNet3", "DotNet3.csproj", "{B410451E-87FB-4FF7-BB88-BF78616584ED}"
EndProject
Global
	GlobalSection(SolutionConfigurationPlatforms) = preSolution
		Debug|Any CPU = Debug|Any CPU
		Release|Any CPU = Release|Any CPU
	EndGlobalSection
	GlobalSection(ProjectConfigurationPlatforms) = postSolution
		{B410451E-87FB-4FF7-BB88-BF78616584ED}.Debug|Any CPU.ActiveCfg = Debug|Any CPU
		{B410451E-87FB-4FF7-BB88-BF78616584ED}.Debug|Any CPU.Build.0 = Debug|Any CPU
		{B410451E-87FB-4FF7-BB88-BF78616584ED}.Release|Any CPU.ActiveCfg = Release|Any CPU
		{B410451E-87FB-4FF7-BB88-BF78616584ED}.Release|Any CPU.Build.0 = Release|Any CPU
	EndGlobalSection
EndGlobal
